
Microsoft Visual Studio Solution File, Format Version 12.00
# Visual Studio Version 17
VisualStudioVersion = 17.11.35222.181
MinimumVisualStudioVersion = 10.0.40219.1
Project("{FAE04EC0-301F-11D3-BF4B-00C04F79EFBC}") = "S5Updater2", "S5Updater2\S5Updater2.csproj", "{D2626361-78B2-450F-8ABB-E260B31E6066}"
	ProjectSection(ProjectDependencies) = postProject
		{2E4C9AAF-5B62-4092-9CFC-A4A7BA526ED2} = {2E4C9AAF-5B62-4092-9CFC-A4A7BA526ED2}
	EndProjectSection
EndProject
Project("{FAE04EC0-301F-11D3-BF4B-00C04F79EFBC}") = "S5UpdaterAdminWorker", "S5UpdaterAdminWorker\S5UpdaterAdminWorker.csproj", "{2E4C9AAF-5B62-4092-9CFC-A4A7BA526ED2}"
EndProject
Global
	GlobalSection(SolutionConfigurationPlatforms) = preSolution
		Debug|Any CPU = Debug|Any CPU
		Debug|x86 = Debug|x86
		Release|Any CPU = Release|Any CPU
		Release|x86 = Release|x86
	EndGlobalSection
	GlobalSection(ProjectConfigurationPlatforms) = postSolution
		{D2626361-78B2-450F-8ABB-E260B31E6066}.Debug|Any CPU.ActiveCfg = Debug|Any CPU
		{D2626361-78B2-450F-8ABB-E260B31E6066}.Debug|Any CPU.Build.0 = Debug|Any CPU
		{D2626361-78B2-450F-8ABB-E260B31E6066}.Debug|x86.ActiveCfg = Debug|Any CPU
		{D2626361-78B2-450F-8ABB-E260B31E6066}.Debug|x86.Build.0 = Debug|Any CPU
		{D2626361-78B2-450F-8ABB-E260B31E6066}.Release|Any CPU.ActiveCfg = Release|Any CPU
		{D2626361-78B2-450F-8ABB-E260B31E6066}.Release|Any CPU.Build.0 = Release|Any CPU
		{D2626361-78B2-450F-8ABB-E260B31E6066}.Release|x86.ActiveCfg = Release|Any CPU
		{D2626361-78B2-450F-8ABB-E260B31E6066}.Release|x86.Build.0 = Release|Any CPU
		{2E4C9AAF-5B62-4092-9CFC-A4A7BA526ED2}.Debug|Any CPU.ActiveCfg = Debug|Any CPU
		{2E4C9AAF-5B62-4092-9CFC-A4A7BA526ED2}.Debug|Any CPU.Build.0 = Debug|Any CPU
		{2E4C9AAF-5B62-4092-9CFC-A4A7BA526ED2}.Debug|x86.ActiveCfg = Debug|Any CPU
		{2E4C9AAF-5B62-4092-9CFC-A4A7BA526ED2}.Debug|x86.Build.0 = Debug|Any CPU
		{2E4C9AAF-5B62-4092-9CFC-A4A7BA526ED2}.Release|Any CPU.ActiveCfg = Release|Any CPU
		{2E4C9AAF-5B62-4092-9CFC-A4A7BA526ED2}.Release|Any CPU.Build.0 = Release|Any CPU
		{2E4C9AAF-5B62-4092-9CFC-A4A7BA526ED2}.Release|x86.ActiveCfg = Release|Any CPU
		{2E4C9AAF-5B62-4092-9CFC-A4A7BA526ED2}.Release|x86.Build.0 = Release|Any CPU
	EndGlobalSection
	GlobalSection(SolutionProperties) = preSolution
		HideSolutionNode = FALSE
	EndGlobalSection
	GlobalSection(ExtensibilityGlobals) = postSolution
		SolutionGuid = {8CF74380-F02A-417F-BFBF-E16A8A9483A6}
	EndGlobalSection
EndGlobal
